
Microsoft Visual Studio Solution File, Format Version 12.00
# Visual Studio 15
VisualStudioVersion = 15.0.28307.421
MinimumVisualStudioVersion = 10.0.40219.1
Project("{FAE04EC0-301F-11D3-BF4B-00C04F79EFBC}") = "App01_ADVC.Android", "App01_ADVC\App01_ADVC.Android\App01_ADVC.Android.csproj", "{33F03E7E-6E1D-4827-BB5A-1D3F8C87EDE7}"
EndProject
Project("{FAE04EC0-301F-11D3-BF4B-00C04F79EFBC}") = "App01_ADVC.iOS", "App01_ADVC\App01_ADVC.iOS\App01_ADVC.iOS.csproj", "{CDA60861-B4EA-4E3A-9A9A-52327DD66651}"
EndProject
Project("{FAE04EC0-301F-11D3-BF4B-00C04F79EFBC}") = "App01_ADVC.UWP", "App01_ADVC\App01_ADVC.UWP\App01_ADVC.UWP.csproj", "{135B57C8-E08B-4127-AC21-0A15D9EEF419}"
EndProject
Project("{FAE04EC0-301F-11D3-BF4B-00C04F79EFBC}") = "App01_ADVC", "App01_ADVC\App01_ADVC\App01_ADVC.csproj", "{68FBB63B-7AAF-466A-B8FC-F54B63B1F109}"
EndProject
Global
	GlobalSection(SolutionConfigurationPlatforms) = preSolution
		Ad-Hoc|Any CPU = Ad-Hoc|Any CPU
		Ad-Hoc|ARM = Ad-Hoc|ARM
		Ad-Hoc|iPhone = Ad-Hoc|iPhone
		Ad-Hoc|iPhoneSimulator = Ad-Hoc|iPhoneSimulator
		Ad-Hoc|x64 = Ad-Hoc|x64
		Ad-Hoc|x86 = Ad-Hoc|x86
		AppStore|Any CPU = AppStore|Any CPU
		AppStore|ARM = AppStore|ARM
		AppStore|iPhone = AppStore|iPhone
		AppStore|iPhoneSimulator = AppStore|iPhoneSimulator
		AppStore|x64 = AppStore|x64
		AppStore|x86 = AppStore|x86
		Debug|Any CPU = Debug|Any CPU
		Debug|ARM = Debug|ARM
		Debug|iPhone = Debug|iPhone
		Debug|iPhoneSimulator = Debug|iPhoneSimulator
		Debug|x64 = Debug|x64
		Debug|x86 = Debug|x86
		Release|Any CPU = Release|Any CPU
		Release|ARM = Release|ARM
		Release|iPhone = Release|iPhone
		Release|iPhoneSimulator = Release|iPhoneSimulator
		Release|x64 = Release|x64
		Release|x86 = Release|x86
	EndGlobalSection
	GlobalSection(ProjectConfigurationPlatforms) = postSolution
		{33F03E7E-6E1D-4827-BB5A-1D3F8C87EDE7}.Ad-Hoc|Any CPU.ActiveCfg = Release|Any CPU
		{33F03E7E-6E1D-4827-BB5A-1D3F8C87EDE7}.Ad-Hoc|Any CPU.Build.0 = Release|Any CPU
		{33F03E7E-6E1D-4827-BB5A-1D3F8C87EDE7}.Ad-Hoc|Any CPU.Deploy.0 = Release|Any CPU
		{33F03E7E-6E1D-4827-BB5A-1D3F8C87EDE7}.Ad-Hoc|ARM.ActiveCfg = Release|Any CPU
		{33F03E7E-6E1D-4827-BB5A-1D3F8C87EDE7}.Ad-Hoc|ARM.Build.0 = Release|Any CPU
		{33F03E7E-6E1D-4827-BB5A-1D3F8C87EDE7}.Ad-Hoc|ARM.Deploy.0 = Release|Any CPU
		{33F03E7E-6E1D-4827-BB5A-1D3F8C87EDE7}.Ad-Hoc|iPhone.ActiveCfg = Release|Any CPU
		{33F03E7E-6E1D-4827-BB5A-1D3F8C87EDE7}.Ad-Hoc|iPhone.Build.0 = Release|Any CPU
		{33F03E7E-6E1D-4827-BB5A-1D3F8C87EDE7}.Ad-Hoc|iPhone.Deploy.0 = Release|Any CPU
		{33F03E7E-6E1D-4827-BB5A-1D3F8C87EDE7}.Ad-Hoc|iPhoneSimulator.ActiveCfg = Release|Any CPU
		{33F03E7E-6E1D-4827-BB5A-1D3F8C87EDE7}.Ad-Hoc|iPhoneSimulator.Build.0 = Release|Any CPU
		{33F03E7E-6E1D-4827-BB5A-1D3F8C87EDE7}.Ad-Hoc|iPhoneSimulator.Deploy.0 = Release|Any CPU
		{33F03E7E-6E1D-4827-BB5A-1D3F8C87EDE7}.Ad-Hoc|x64.ActiveCfg = Release|Any CPU
		{33F03E7E-6E1D-4827-BB5A-1D3F8C87EDE7}.Ad-Hoc|x64.Build.0 = Release|Any CPU
		{33F03E7E-6E1D-4827-BB5A-1D3F8C87EDE7}.Ad-Hoc|x64.Deploy.0 = Release|Any CPU
		{33F03E7E-6E1D-4827-BB5A-1D3F8C87EDE7}.Ad-Hoc|x86.ActiveCfg = Release|Any CPU
		{33F03E7E-6E1D-4827-BB5A-1D3F8C87EDE7}.Ad-Hoc|x86.Build.0 = Release|Any CPU
		{33F03E7E-6E1D-4827-BB5A-1D3F8C87EDE7}.Ad-Hoc|x86.Deploy.0 = Release|Any CPU
		{33F03E7E-6E1D-4827-BB5A-1D3F8C87EDE7}.AppStore|Any CPU.ActiveCfg = Release|Any CPU
		{33F03E7E-6E1D-4827-BB5A-1D3F8C87EDE7}.AppStore|Any CPU.Build.0 = Release|Any CPU
		{33F03E7E-6E1D-4827-BB5A-1D3F8C87EDE7}.AppStore|Any CPU.Deploy.0 = Release|Any CPU
		{33F03E7E-6E1D-4827-BB5A-1D3F8C87EDE7}.AppStore|ARM.ActiveCfg = Release|Any CPU
		{33F03E7E-6E1D-4827-BB5A-1D3F8C87EDE7}.AppStore|ARM.Build.0 = Release|Any CPU
		{33F03E7E-6E1D-4827-BB5A-1D3F8C87EDE7}.AppStore|ARM.Deploy.0 = Release|Any CPU
		{33F03E7E-6E1D-4827-BB5A-1D3F8C87EDE7}.AppStore|iPhone.ActiveCfg = Release|Any CPU
		{33F03E7E-6E1D-4827-BB5A-1D3F8C87EDE7}.AppStore|iPhone.Build.0 = Release|Any CPU
		{33F03E7E-6E1D-4827-BB5A-1D3F8C87EDE7}.AppStore|iPhone.Deploy.0 = Release|Any CPU
		{33F03E7E-6E1D-4827-BB5A-1D3F8C87EDE7}.AppStore|iPhoneSimulator.ActiveCfg = Release|Any CPU
		{33F03E7E-6E1D-4827-BB5A-1D3F8C87EDE7}.AppStore|iPhoneSimulator.Build.0 = Release|Any CPU
		{33F03E7E-6E1D-4827-BB5A-1D3F8C87EDE7}.AppStore|iPhoneSimulator.Deploy.0 = Release|Any CPU
		{33F03E7E-6E1D-4827-BB5A-1D3F8C87EDE7}.AppStore|x64.ActiveCfg = Release|Any CPU
		{33F03E7E-6E1D-4827-BB5A-1D3F8C87EDE7}.AppStore|x64.Build.0 = Release|Any CPU
		{33F03E7E-6E1D-4827-BB5A-1D3F8C87EDE7}.AppStore|x64.Deploy.0 = Release|Any CPU
		{33F03E7E-6E1D-4827-BB5A-1D3F8C87EDE7}.AppStore|x86.ActiveCfg = Release|Any CPU
		{33F03E7E-6E1D-4827-BB5A-1D3F8C87EDE7}.AppStore|x86.Build.0 = Release|Any CPU
		{33F03E7E-6E1D-4827-BB5A-1D3F8C87EDE7}.AppStore|x86.Deploy.0 = Release|Any CPU
		{33F03E7E-6E1D-4827-BB5A-1D3F8C87EDE7}.Debug|Any CPU.ActiveCfg = Debug|Any CPU
		{33F03E7E-6E1D-4827-BB5A-1D3F8C87EDE7}.Debug|Any CPU.Build.0 = Debug|Any CPU
		{33F03E7E-6E1D-4827-BB5A-1D3F8C87EDE7}.Debug|Any CPU.Deploy.0 = Debug|Any CPU
		{33F03E7E-6E1D-4827-BB5A-1D3F8C87EDE7}.Debug|ARM.ActiveCfg = Debug|Any CPU
		{33F03E7E-6E1D-4827-BB5A-1D3F8C87EDE7}.Debug|ARM.Build.0 = Debug|Any CPU
		{33F03E7E-6E1D-4827-BB5A-1D3F8C87EDE7}.Debug|ARM.Deploy.0 = Debug|Any CPU
		{33F03E7E-6E1D-4827-BB5A-1D3F8C87EDE7}.Debug|iPhone.ActiveCfg = Debug|Any CPU
		{33F03E7E-6E1D-4827-BB5A-1D3F8C87EDE7}.Debug|iPhone.Build.0 = Debug|Any CPU
		{33F03E7E-6E1D-4827-BB5A-1D3F8C87EDE7}.Debug|iPhone.Deploy.0 = Debug|Any CPU
		{33F03E7E-6E1D-4827-BB5A-1D3F8C87EDE7}.Debug|iPhoneSimulator.ActiveCfg = Debug|Any CPU
		{33F03E7E-6E1D-4827-BB5A-1D3F8C87EDE7}.Debug|iPhoneSimulator.Build.0 = Debug|Any CPU
		{33F03E7E-6E1D-4827-BB5A-1D3F8C87EDE7}.Debug|iPhoneSimulator.Deploy.0 = Debug|Any CPU
		{33F03E7E-6E1D-4827-BB5A-1D3F8C87EDE7}.Debug|x64.ActiveCfg = Debug|Any CPU
		{33F03E7E-6E1D-4827-BB5A-1D3F8C87EDE7}.Debug|x64.Build.0 = Debug|Any CPU
		{33F03E7E-6E1D-4827-BB5A-1D3F8C87EDE7}.Debug|x64.Deploy.0 = Debug|Any CPU
		{33F03E7E-6E1D-4827-BB5A-1D3F8C87EDE7}.Debug|x86.ActiveCfg = Debug|Any CPU
		{33F03E7E-6E1D-4827-BB5A-1D3F8C87EDE7}.Debug|x86.Build.0 = Debug|Any CPU
		{33F03E7E-6E1D-4827-BB5A-1D3F8C87EDE7}.Debug|x86.Deploy.0 = Debug|Any CPU
		{33F03E7E-6E1D-4827-BB5A-1D3F8C87EDE7}.Release|Any CPU.ActiveCfg = Release|Any CPU
		{33F03E7E-6E1D-4827-BB5A-1D3F8C87EDE7}.Release|Any CPU.Build.0 = Release|Any CPU
		{33F03E7E-6E1D-4827-BB5A-1D3F8C87EDE7}.Release|Any CPU.Deploy.0 = Release|Any CPU
		{33F03E7E-6E1D-4827-BB5A-1D3F8C87EDE7}.Release|ARM.ActiveCfg = Release|Any CPU
		{33F03E7E-6E1D-4827-BB5A-1D3F8C87EDE7}.Release|ARM.Build.0 = Release|Any CPU
		{33F03E7E-6E1D-4827-BB5A-1D3F8C87EDE7}.Release|ARM.Deploy.0 = Release|Any CPU
		{33F03E7E-6E1D-4827-BB5A-1D3F8C87EDE7}.Release|iPhone.ActiveCfg = Release|Any CPU
		{33F03E7E-6E1D-4827-BB5A-1D3F8C87EDE7}.Release|iPhone.Build.0 = Release|Any CPU
		{33F03E7E-6E1D-4827-BB5A-1D3F8C87EDE7}.Release|iPhone.Deploy.0 = Release|Any CPU
		{33F03E7E-6E1D-4827-BB5A-1D3F8C87EDE7}.Release|iPhoneSimulator.ActiveCfg = Release|Any CPU
		{33F03E7E-6E1D-4827-BB5A-1D3F8C87EDE7}.Release|iPhoneSimulator.Build.0 = Release|Any CPU
		{33F03E7E-6E1D-4827-BB5A-1D3F8C87EDE7}.Release|iPhoneSimulator.Deploy.0 = Release|Any CPU
		{33F03E7E-6E1D-4827-BB5A-1D3F8C87EDE7}.Release|x64.ActiveCfg = Release|Any CPU
		{33F03E7E-6E1D-4827-BB5A-1D3F8C87EDE7}.Release|x64.Build.0 = Release|Any CPU
		{33F03E7E-6E1D-4827-BB5A-1D3F8C87EDE7}.Release|x64.Deploy.0 = Release|Any CPU
		{33F03E7E-6E1D-4827-BB5A-1D3F8C87EDE7}.Release|x86.ActiveCfg = Release|Any CPU
		{33F03E7E-6E1D-4827-BB5A-1D3F8C87EDE7}.Release|x86.Build.0 = Release|Any CPU
		{33F03E7E-6E1D-4827-BB5A-1D3F8C87EDE7}.Release|x86.Deploy.0 = Release|Any CPU
		{CDA60861-B4EA-4E3A-9A9A-52327DD66651}.Ad-Hoc|Any CPU.ActiveCfg = Ad-Hoc|iPhone
		{CDA60861-B4EA-4E3A-9A9A-52327DD66651}.Ad-Hoc|Any CPU.Build.0 = Ad-Hoc|iPhone
		{CDA60861-B4EA-4E3A-9A9A-52327DD66651}.Ad-Hoc|Any CPU.Deploy.0 = Ad-Hoc|iPhone
		{CDA60861-B4EA-4E3A-9A9A-52327DD66651}.Ad-Hoc|ARM.ActiveCfg = Ad-Hoc|iPhone
		{CDA60861-B4EA-4E3A-9A9A-52327DD66651}.Ad-Hoc|ARM.Build.0 = Ad-Hoc|iPhone
		{CDA60861-B4EA-4E3A-9A9A-52327DD66651}.Ad-Hoc|ARM.Deploy.0 = Ad-Hoc|iPhone
		{CDA60861-B4EA-4E3A-9A9A-52327DD66651}.Ad-Hoc|iPhone.ActiveCfg = Ad-Hoc|iPhone
		{CDA60861-B4EA-4E3A-9A9A-52327DD66651}.Ad-Hoc|iPhone.Build.0 = Ad-Hoc|iPhone
		{CDA60861-B4EA-4E3A-9A9A-52327DD66651}.Ad-Hoc|iPhone.Deploy.0 = Ad-Hoc|iPhone
		{CDA60861-B4EA-4E3A-9A9A-52327DD66651}.Ad-Hoc|iPhoneSimulator.ActiveCfg = Ad-Hoc|iPhoneSimulator
		{CDA60861-B4EA-4E3A-9A9A-52327DD66651}.Ad-Hoc|iPhoneSimulator.Build.0 = Ad-Hoc|iPhoneSimulator
		{CDA60861-B4EA-4E3A-9A9A-52327DD66651}.Ad-Hoc|iPhoneSimulator.Deploy.0 = Ad-Hoc|iPhoneSimulator
		{CDA60861-B4EA-4E3A-9A9A-52327DD66651}.Ad-Hoc|x64.ActiveCfg = Ad-Hoc|iPhone
		{CDA60861-B4EA-4E3A-9A9A-52327DD66651}.Ad-Hoc|x64.Build.0 = Ad-Hoc|iPhone
		{CDA60861-B4EA-4E3A-9A9A-52327DD66651}.Ad-Hoc|x64.Deploy.0 = Ad-Hoc|iPhone
		{CDA60861-B4EA-4E3A-9A9A-52327DD66651}.Ad-Hoc|x86.ActiveCfg = Ad-Hoc|iPhone
		{CDA60861-B4EA-4E3A-9A9A-52327DD66651}.Ad-Hoc|x86.Build.0 = Ad-Hoc|iPhone
		{CDA60861-B4EA-4E3A-9A9A-52327DD66651}.Ad-Hoc|x86.Deploy.0 = Ad-Hoc|iPhone
		{CDA60861-B4EA-4E3A-9A9A-52327DD66651}.AppStore|Any CPU.ActiveCfg = AppStore|iPhone
		{CDA60861-B4EA-4E3A-9A9A-52327DD66651}.AppStore|Any CPU.Build.0 = AppStore|iPhone
		{CDA60861-B4EA-4E3A-9A9A-52327DD66651}.AppStore|Any CPU.Deploy.0 = AppStore|iPhone
		{CDA60861-B4EA-4E3A-9A9A-52327DD66651}.AppStore|ARM.ActiveCfg = AppStore|iPhone
		{CDA60861-B4EA-4E3A-9A9A-52327DD66651}.AppStore|ARM.Build.0 = AppStore|iPhone
		{CDA60861-B4EA-4E3A-9A9A-52327DD66651}.AppStore|ARM.Deploy.0 = AppStore|iPhone
		{CDA60861-B4EA-4E3A-9A9A-52327DD66651}.AppStore|iPhone.ActiveCfg = AppStore|iPhone
		{CDA60861-B4EA-4E3A-9A9A-52327DD66651}.AppStore|iPhone.Build.0 = AppStore|iPhone
		{CDA60861-B4EA-4E3A-9A9A-52327DD66651}.AppStore|iPhone.Deploy.0 = AppStore|iPhone
		{CDA60861-B4EA-4E3A-9A9A-52327DD66651}.AppStore|iPhoneSimulator.ActiveCfg = AppStore|iPhoneSimulator
		{CDA60861-B4EA-4E3A-9A9A-52327DD66651}.AppStore|iPhoneSimulator.Build.0 = AppStore|iPhoneSimulator
		{CDA60861-B4EA-4E3A-9A9A-52327DD66651}.AppStore|iPhoneSimulator.Deploy.0 = AppStore|iPhoneSimulator
		{CDA60861-B4EA-4E3A-9A9A-52327DD66651}.AppStore|x64.ActiveCfg = AppStore|iPhone
		{CDA60861-B4EA-4E3A-9A9A-52327DD66651}.AppStore|x64.Build.0 = AppStore|iPhone
		{CDA60861-B4EA-4E3A-9A9A-52327DD66651}.AppStore|x64.Deploy.0 = AppStore|iPhone
		{CDA60861-B4EA-4E3A-9A9A-52327DD66651}.AppStore|x86.ActiveCfg = AppStore|iPhone
		{CDA60861-B4EA-4E3A-9A9A-52327DD66651}.AppStore|x86.Build.0 = AppStore|iPhone
		{CDA60861-B4EA-4E3A-9A9A-52327DD66651}.AppStore|x86.Deploy.0 = AppStore|iPhone
		{CDA60861-B4EA-4E3A-9A9A-52327DD66651}.Debug|Any CPU.ActiveCfg = Debug|iPhoneSimulator
		{CDA60861-B4EA-4E3A-9A9A-52327DD66651}.Debug|Any CPU.Build.0 = Debug|iPhoneSimulator
		{CDA60861-B4EA-4E3A-9A9A-52327DD66651}.Debug|Any CPU.Deploy.0 = Debug|iPhoneSimulator
		{CDA60861-B4EA-4E3A-9A9A-52327DD66651}.Debug|ARM.ActiveCfg = Debug|iPhone
		{CDA60861-B4EA-4E3A-9A9A-52327DD66651}.Debug|ARM.Build.0 = Debug|iPhone
		{CDA60861-B4EA-4E3A-9A9A-52327DD66651}.Debug|ARM.Deploy.0 = Debug|iPhone
		{CDA60861-B4EA-4E3A-9A9A-52327DD66651}.Debug|iPhone.ActiveCfg = Debug|iPhone
		{CDA60861-B4EA-4E3A-9A9A-52327DD66651}.Debug|iPhone.Build.0 = Debug|iPhone
		{CDA60861-B4EA-4E3A-9A9A-52327DD66651}.Debug|iPhone.Deploy.0 = Debug|iPhone
		{CDA60861-B4EA-4E3A-9A9A-52327DD66651}.Debug|iPhoneSimulator.ActiveCfg = Debug|iPhoneSimulator
		{CDA60861-B4EA-4E3A-9A9A-52327DD66651}.Debug|iPhoneSimulator.Build.0 = Debug|iPhoneSimulator
		{CDA60861-B4EA-4E3A-9A9A-52327DD66651}.Debug|iPhoneSimulator.Deploy.0 = Debug|iPhoneSimulator
		{CDA60861-B4EA-4E3A-9A9A-52327DD66651}.Debug|x64.ActiveCfg = Debug|iPhone
		{CDA60861-B4EA-4E3A-9A9A-52327DD66651}.Debug|x64.Build.0 = Debug|iPhone
		{CDA60861-B4EA-4E3A-9A9A-52327DD66651}.Debug|x64.Deploy.0 = Debug|iPhone
		{CDA60861-B4EA-4E3A-9A9A-52327DD66651}.Debug|x86.ActiveCfg = Debug|iPhone
		{CDA60861-B4EA-4E3A-9A9A-52327DD66651}.Debug|x86.Build.0 = Debug|iPhone
		{CDA60861-B4EA-4E3A-9A9A-52327DD66651}.Debug|x86.Deploy.0 = Debug|iPhone
		{CDA60861-B4EA-4E3A-9A9A-52327DD66651}.Release|Any CPU.ActiveCfg = Release|iPhone
		{CDA60861-B4EA-4E3A-9A9A-52327DD66651}.Release|Any CPU.Build.0 = Release|iPhone
		{CDA60861-B4EA-4E3A-9A9A-52327DD66651}.Release|Any CPU.Deploy.0 = Release|iPhone
		{CDA60861-B4EA-4E3A-9A9A-52327DD66651}.Release|ARM.ActiveCfg = Release|iPhone
		{CDA60861-B4EA-4E3A-9A9A-52327DD66651}.Release|ARM.Build.0 = Release|iPhone
		{CDA60861-B4EA-4E3A-9A9A-52327DD66651}.Release|ARM.Deploy.0 = Release|iPhone
		{CDA60861-B4EA-4E3A-9A9A-52327DD66651}.Release|iPhone.ActiveCfg = Release|iPhone
		{CDA60861-B4EA-4E3A-9A9A-52327DD66651}.Release|iPhone.Build.0 = Release|iPhone
		{CDA60861-B4EA-4E3A-9A9A-52327DD66651}.Release|iPhone.Deploy.0 = Release|iPhone
		{CDA60861-B4EA-4E3A-9A9A-52327DD66651}.Release|iPhoneSimulator.ActiveCfg = Release|iPhoneSimulator
		{CDA60861-B4EA-4E3A-9A9A-52327DD66651}.Release|iPhoneSimulator.Build.0 = Release|iPhoneSimulator
		{CDA60861-B4EA-4E3A-9A9A-52327DD66651}.Release|iPhoneSimulator.Deploy.0 = Release|iPhoneSimulator
		{CDA60861-B4EA-4E3A-9A9A-52327DD66651}.Release|x64.ActiveCfg = Release|iPhone
		{CDA60861-B4EA-4E3A-9A9A-52327DD66651}.Release|x64.Build.0 = Release|iPhone
		{CDA60861-B4EA-4E3A-9A9A-52327DD66651}.Release|x64.Deploy.0 = Release|iPhone
		{CDA60861-B4EA-4E3A-9A9A-52327DD66651}.Release|x86.ActiveCfg = Release|iPhone
		{CDA60861-B4EA-4E3A-9A9A-52327DD66651}.Release|x86.Build.0 = Release|iPhone
		{CDA60861-B4EA-4E3A-9A9A-52327DD66651}.Release|x86.Deploy.0 = Release|iPhone
		{135B57C8-E08B-4127-AC21-0A15D9EEF419}.Ad-Hoc|Any CPU.ActiveCfg = Release|x86
		{135B57C8-E08B-4127-AC21-0A15D9EEF419}.Ad-Hoc|Any CPU.Build.0 = Release|x86
		{135B57C8-E08B-4127-AC21-0A15D9EEF419}.Ad-Hoc|Any CPU.Deploy.0 = Release|x86
		{135B57C8-E08B-4127-AC21-0A15D9EEF419}.Ad-Hoc|ARM.ActiveCfg = Release|ARM
		{135B57C8-E08B-4127-AC21-0A15D9EEF419}.Ad-Hoc|ARM.Build.0 = Release|ARM
		{135B57C8-E08B-4127-AC21-0A15D9EEF419}.Ad-Hoc|ARM.Deploy.0 = Release|ARM
		{135B57C8-E08B-4127-AC21-0A15D9EEF419}.Ad-Hoc|iPhone.ActiveCfg = Release|x86
		{135B57C8-E08B-4127-AC21-0A15D9EEF419}.Ad-Hoc|iPhone.Build.0 = Release|x86
		{135B57C8-E08B-4127-AC21-0A15D9EEF419}.Ad-Hoc|iPhone.Deploy.0 = Release|x86
		{135B57C8-E08B-4127-AC21-0A15D9EEF419}.Ad-Hoc|iPhoneSimulator.ActiveCfg = Release|x86
		{135B57C8-E08B-4127-AC21-0A15D9EEF419}.Ad-Hoc|iPhoneSimulator.Build.0 = Release|x86
		{135B57C8-E08B-4127-AC21-0A15D9EEF419}.Ad-Hoc|iPhoneSimulator.Deploy.0 = Release|x86
		{135B57C8-E08B-4127-AC21-0A15D9EEF419}.Ad-Hoc|x64.ActiveCfg = Release|x64
		{135B57C8-E08B-4127-AC21-0A15D9EEF419}.Ad-Hoc|x64.Build.0 = Release|x64
		{135B57C8-E08B-4127-AC21-0A15D9EEF419}.Ad-Hoc|x64.Deploy.0 = Release|x64
		{135B57C8-E08B-4127-AC21-0A15D9EEF419}.Ad-Hoc|x86.ActiveCfg = Release|x86
		{135B57C8-E08B-4127-AC21-0A15D9EEF419}.Ad-Hoc|x86.Build.0 = Release|x86
		{135B57C8-E08B-4127-AC21-0A15D9EEF419}.Ad-Hoc|x86.Deploy.0 = Release|x86
		{135B57C8-E08B-4127-AC21-0A15D9EEF419}.AppStore|Any CPU.ActiveCfg = Release|x86
		{135B57C8-E08B-4127-AC21-0A15D9EEF419}.AppStore|Any CPU.Build.0 = Release|x86
		{135B57C8-E08B-4127-AC21-0A15D9EEF419}.AppStore|Any CPU.Deploy.0 = Release|x86
		{135B57C8-E08B-4127-AC21-0A15D9EEF419}.AppStore|ARM.ActiveCfg = Release|ARM
		{135B57C8-E08B-4127-AC21-0A15D9EEF419}.AppStore|ARM.Build.0 = Release|ARM
		{135B57C8-E08B-4127-AC21-0A15D9EEF419}.AppStore|ARM.Deploy.0 = Release|ARM
		{135B57C8-E08B-4127-AC21-0A15D9EEF419}.AppStore|iPhone.ActiveCfg = Release|x86
		{135B57C8-E08B-4127-AC21-0A15D9EEF419}.AppStore|iPhone.Build.0 = Release|x86
		{135B57C8-E08B-4127-AC21-0A15D9EEF419}.AppStore|iPhone.Deploy.0 = Release|x86
		{135B57C8-E08B-4127-AC21-0A15D9EEF419}.AppStore|iPhoneSimulator.ActiveCfg = Release|x86
		{135B57C8-E08B-4127-AC21-0A15D9EEF419}.AppStore|iPhoneSimulator.Build.0 = Release|x86
		{135B57C8-E08B-4127-AC21-0A15D9EEF419}.AppStore|iPhoneSimulator.Deploy.0 = Release|x86
		{135B57C8-E08B-4127-AC21-0A15D9EEF419}.AppStore|x64.ActiveCfg = Release|x64
		{135B57C8-E08B-4127-AC21-0A15D9EEF419}.AppStore|x64.Build.0 = Release|x64
		{135B57C8-E08B-4127-AC21-0A15D9EEF419}.AppStore|x64.Deploy.0 = Release|x64
		{135B57C8-E08B-4127-AC21-0A15D9EEF419}.AppStore|x86.ActiveCfg = Release|x86
		{135B57C8-E08B-4127-AC21-0A15D9EEF419}.AppStore|x86.Build.0 = Release|x86
		{135B57C8-E08B-4127-AC21-0A15D9EEF419}.AppStore|x86.Deploy.0 = Release|x86
		{135B57C8-E08B-4127-AC21-0A15D9EEF419}.Debug|Any CPU.ActiveCfg = Debug|x86
		{135B57C8-E08B-4127-AC21-0A15D9EEF419}.Debug|Any CPU.Build.0 = Debug|x86
		{135B57C8-E08B-4127-AC21-0A15D9EEF419}.Debug|Any CPU.Deploy.0 = Debug|x86
		{135B57C8-E08B-4127-AC21-0A15D9EEF419}.Debug|ARM.ActiveCfg = Debug|ARM
		{135B57C8-E08B-4127-AC21-0A15D9EEF419}.Debug|ARM.Build.0 = Debug|ARM
		{135B57C8-E08B-4127-AC21-0A15D9EEF419}.Debug|ARM.Deploy.0 = Debug|ARM
		{135B57C8-E08B-4127-AC21-0A15D9EEF419}.Debug|iPhone.ActiveCfg = Debug|x86
		{135B57C8-E08B-4127-AC21-0A15D9EEF419}.Debug|iPhone.Build.0 = Debug|x86
		{135B57C8-E08B-4127-AC21-0A15D9EEF419}.Debug|iPhone.Deploy.0 = Debug|x86
		{135B57C8-E08B-4127-AC21-0A15D9EEF419}.Debug|iPhoneSimulator.ActiveCfg = Debug|x86
		{135B57C8-E08B-4127-AC21-0A15D9EEF419}.Debug|iPhoneSimulator.Build.0 = Debug|x86
		{135B57C8-E08B-4127-AC21-0A15D9EEF419}.Debug|iPhoneSimulator.Deploy.0 = Debug|x86
		{135B57C8-E08B-4127-AC21-0A15D9EEF419}.Debug|x64.ActiveCfg = Debug|x64
		{135B57C8-E08B-4127-AC21-0A15D9EEF419}.Debug|x64.Build.0 = Debug|x64
		{135B57C8-E08B-4127-AC21-0A15D9EEF419}.Debug|x64.Deploy.0 = Debug|x64
		{135B57C8-E08B-4127-AC21-0A15D9EEF419}.Debug|x86.ActiveCfg = Debug|x86
		{135B57C8-E08B-4127-AC21-0A15D9EEF419}.Debug|x86.Build.0 = Debug|x86
		{135B57C8-E08B-4127-AC21-0A15D9EEF419}.Debug|x86.Deploy.0 = Debug|x86
		{135B57C8-E08B-4127-AC21-0A15D9EEF419}.Release|Any CPU.ActiveCfg = Release|x86
		{135B57C8-E08B-4127-AC21-0A15D9EEF419}.Release|Any CPU.Build.0 = Release|x86
		{135B57C8-E08B-4127-AC21-0A15D9EEF419}.Release|Any CPU.Deploy.0 = Release|x86
		{135B57C8-E08B-4127-AC21-0A15D9EEF419}.Release|ARM.ActiveCfg = Release|ARM
		{135B57C8-E08B-4127-AC21-0A15D9EEF419}.Release|ARM.Build.0 = Release|ARM
		{135B57C8-E08B-4127-AC21-0A15D9EEF419}.Release|ARM.Deploy.0 = Release|ARM
		{135B57C8-E08B-4127-AC21-0A15D9EEF419}.Release|iPhone.ActiveCfg = Release|x86
		{135B57C8-E08B-4127-AC21-0A15D9EEF419}.Release|iPhone.Build.0 = Release|x86
		{135B57C8-E08B-4127-AC21-0A15D9EEF419}.Release|iPhone.Deploy.0 = Release|x86
		{135B57C8-E08B-4127-AC21-0A15D9EEF419}.Release|iPhoneSimulator.ActiveCfg = Release|x86
		{135B57C8-E08B-4127-AC21-0A15D9EEF419}.Release|iPhoneSimulator.Build.0 = Release|x86
		{135B57C8-E08B-4127-AC21-0A15D9EEF419}.Release|iPhoneSimulator.Deploy.0 = Release|x86
		{135B57C8-E08B-4127-AC21-0A15D9EEF419}.Release|x64.ActiveCfg = Release|x64
		{135B57C8-E08B-4127-AC21-0A15D9EEF419}.Release|x64.Build.0 = Release|x64
		{135B57C8-E08B-4127-AC21-0A15D9EEF419}.Release|x64.Deploy.0 = Release|x64
		{135B57C8-E08B-4127-AC21-0A15D9EEF419}.Release|x86.ActiveCfg = Release|x86
		{135B57C8-E08B-4127-AC21-0A15D9EEF419}.Release|x86.Build.0 = Release|x86
		{135B57C8-E08B-4127-AC21-0A15D9EEF419}.Release|x86.Deploy.0 = Release|x86
		{68FBB63B-7AAF-466A-B8FC-F54B63B1F109}.Ad-Hoc|Any CPU.ActiveCfg = Debug|Any CPU
		{68FBB63B-7AAF-466A-B8FC-F54B63B1F109}.Ad-Hoc|Any CPU.Build.0 = Debug|Any CPU
		{68FBB63B-7AAF-466A-B8FC-F54B63B1F109}.Ad-Hoc|Any CPU.Deploy.0 = Debug|Any CPU
		{68FBB63B-7AAF-466A-B8FC-F54B63B1F109}.Ad-Hoc|ARM.ActiveCfg = Debug|Any CPU
		{68FBB63B-7AAF-466A-B8FC-F54B63B1F109}.Ad-Hoc|ARM.Build.0 = Debug|Any CPU
		{68FBB63B-7AAF-466A-B8FC-F54B63B1F109}.Ad-Hoc|ARM.Deploy.0 = Debug|Any CPU
		{68FBB63B-7AAF-466A-B8FC-F54B63B1F109}.Ad-Hoc|iPhone.ActiveCfg = Debug|Any CPU
		{68FBB63B-7AAF-466A-B8FC-F54B63B1F109}.Ad-Hoc|iPhone.Build.0 = Debug|Any CPU
		{68FBB63B-7AAF-466A-B8FC-F54B63B1F109}.Ad-Hoc|iPhone.Deploy.0 = Debug|Any CPU
		{68FBB63B-7AAF-466A-B8FC-F54B63B1F109}.Ad-Hoc|iPhoneSimulator.ActiveCfg = Debug|Any CPU
		{68FBB63B-7AAF-466A-B8FC-F54B63B1F109}.Ad-Hoc|iPhoneSimulator.Build.0 = Debug|Any CPU
		{68FBB63B-7AAF-466A-B8FC-F54B63B1F109}.Ad-Hoc|iPhoneSimulator.Deploy.0 = Debug|Any CPU
		{68FBB63B-7AAF-466A-B8FC-F54B63B1F109}.Ad-Hoc|x64.ActiveCfg = Debug|Any CPU
		{68FBB63B-7AAF-466A-B8FC-F54B63B1F109}.Ad-Hoc|x64.Build.0 = Debug|Any CPU
		{68FBB63B-7AAF-466A-B8FC-F54B63B1F109}.Ad-Hoc|x64.Deploy.0 = Debug|Any CPU
		{68FBB63B-7AAF-466A-B8FC-F54B63B1F109}.Ad-Hoc|x86.ActiveCfg = Debug|Any CPU
		{68FBB63B-7AAF-466A-B8FC-F54B63B1F109}.Ad-Hoc|x86.Build.0 = Debug|Any CPU
		{68FBB63B-7AAF-466A-B8FC-F54B63B1F109}.Ad-Hoc|x86.Deploy.0 = Debug|Any CPU
		{68FBB63B-7AAF-466A-B8FC-F54B63B1F109}.AppStore|Any CPU.ActiveCfg = Debug|Any CPU
		{68FBB63B-7AAF-466A-B8FC-F54B63B1F109}.AppStore|Any CPU.Build.0 = Debug|Any CPU
		{68FBB63B-7AAF-466A-B8FC-F54B63B1F109}.AppStore|Any CPU.Deploy.0 = Debug|Any CPU
		{68FBB63B-7AAF-466A-B8FC-F54B63B1F109}.AppStore|ARM.ActiveCfg = Debug|Any CPU
		{68FBB63B-7AAF-466A-B8FC-F54B63B1F109}.AppStore|ARM.Build.0 = Debug|Any CPU
		{68FBB63B-7AAF-466A-B8FC-F54B63B1F109}.AppStore|ARM.Deploy.0 = Debug|Any CPU
		{68FBB63B-7AAF-466A-B8FC-F54B63B1F109}.AppStore|iPhone.ActiveCfg = Debug|Any CPU
		{68FBB63B-7AAF-466A-B8FC-F54B63B1F109}.AppStore|iPhone.Build.0 = Debug|Any CPU
		{68FBB63B-7AAF-466A-B8FC-F54B63B1F109}.AppStore|iPhone.Deploy.0 = Debug|Any CPU
		{68FBB63B-7AAF-466A-B8FC-F54B63B1F109}.AppStore|iPhoneSimulator.ActiveCfg = Debug|Any CPU
		{68FBB63B-7AAF-466A-B8FC-F54B63B1F109}.AppStore|iPhoneSimulator.Build.0 = Debug|Any CPU
		{68FBB63B-7AAF-466A-B8FC-F54B63B1F109}.AppStore|iPhoneSimulator.Deploy.0 = Debug|Any CPU
		{68FBB63B-7AAF-466A-B8FC-F54B63B1F109}.AppStore|x64.ActiveCfg = Debug|Any CPU
		{68FBB63B-7AAF-466A-B8FC-F54B63B1F109}.AppStore|x64.Build.0 = Debug|Any CPU
		{68FBB63B-7AAF-466A-B8FC-F54B63B1F109}.AppStore|x64.Deploy.0 = Debug|Any CPU
		{68FBB63B-7AAF-466A-B8FC-F54B63B1F109}.AppStore|x86.ActiveCfg = Debug|Any CPU
		{68FBB63B-7AAF-466A-B8FC-F54B63B1F109}.AppStore|x86.Build.0 = Debug|Any CPU
		{68FBB63B-7AAF-466A-B8FC-F54B63B1F109}.AppStore|x86.Deploy.0 = Debug|Any CPU
		{68FBB63B-7AAF-466A-B8FC-F54B63B1F109}.Debug|Any CPU.ActiveCfg = Debug|Any CPU
		{68FBB63B-7AAF-466A-B8FC-F54B63B1F109}.Debug|Any CPU.Build.0 = Debug|Any CPU
		{68FBB63B-7AAF-466A-B8FC-F54B63B1F109}.Debug|Any CPU.Deploy.0 = Debug|Any CPU
		{68FBB63B-7AAF-466A-B8FC-F54B63B1F109}.Debug|ARM.ActiveCfg = Debug|Any CPU
		{68FBB63B-7AAF-466A-B8FC-F54B63B1F109}.Debug|ARM.Build.0 = Debug|Any CPU
		{68FBB63B-7AAF-466A-B8FC-F54B63B1F109}.Debug|ARM.Deploy.0 = Debug|Any CPU
		{68FBB63B-7AAF-466A-B8FC-F54B63B1F109}.Debug|iPhone.ActiveCfg = Debug|Any CPU
		{68FBB63B-7AAF-466A-B8FC-F54B63B1F109}.Debug|iPhone.Build.0 = Debug|Any CPU
		{68FBB63B-7AAF-466A-B8FC-F54B63B1F109}.Debug|iPhone.Deploy.0 = Debug|Any CPU
		{68FBB63B-7AAF-466A-B8FC-F54B63B1F109}.Debug|iPhoneSimulator.ActiveCfg = Debug|Any CPU
		{68FBB63B-7AAF-466A-B8FC-F54B63B1F109}.Debug|iPhoneSimulator.Build.0 = Debug|Any CPU
		{68FBB63B-7AAF-466A-B8FC-F54B63B1F109}.Debug|iPhoneSimulator.Deploy.0 = Debug|Any CPU
		{68FBB63B-7AAF-466A-B8FC-F54B63B1F109}.Debug|x64.ActiveCfg = Debug|Any CPU
		{68FBB63B-7AAF-466A-B8FC-F54B63B1F109}.Debug|x64.Build.0 = Debug|Any CPU
		{68FBB63B-7AAF-466A-B8FC-F54B63B1F109}.Debug|x64.Deploy.0 = Debug|Any CPU
		{68FBB63B-7AAF-466A-B8FC-F54B63B1F109}.Debug|x86.ActiveCfg = Debug|Any CPU
		{68FBB63B-7AAF-466A-B8FC-F54B63B1F109}.Debug|x86.Build.0 = Debug|Any CPU
		{68FBB63B-7AAF-466A-B8FC-F54B63B1F109}.Debug|x86.Deploy.0 = Debug|Any CPU
		{68FBB63B-7AAF-466A-B8FC-F54B63B1F109}.Release|Any CPU.ActiveCfg = Release|Any CPU
		{68FBB63B-7AAF-466A-B8FC-F54B63B1F109}.Release|Any CPU.Build.0 = Release|Any CPU
		{68FBB63B-7AAF-466A-B8FC-F54B63B1F109}.Release|Any CPU.Deploy.0 = Release|Any CPU
		{68FBB63B-7AAF-466A-B8FC-F54B63B1F109}.Release|ARM.ActiveCfg = Release|Any CPU
		{68FBB63B-7AAF-466A-B8FC-F54B63B1F109}.Release|ARM.Build.0 = Release|Any CPU
		{68FBB63B-7AAF-466A-B8FC-F54B63B1F109}.Release|ARM.Deploy.0 = Release|Any CPU
		{68FBB63B-7AAF-466A-B8FC-F54B63B1F109}.Release|iPhone.ActiveCfg = Release|Any CPU
		{68FBB63B-7AAF-466A-B8FC-F54B63B1F109}.Release|iPhone.Build.0 = Release|Any CPU
		{68FBB63B-7AAF-466A-B8FC-F54B63B1F109}.Release|iPhone.Deploy.0 = Release|Any CPU
		{68FBB63B-7AAF-466A-B8FC-F54B63B1F109}.Release|iPhoneSimulator.ActiveCfg = Release|Any CPU
		{68FBB63B-7AAF-466A-B8FC-F54B63B1F109}.Release|iPhoneSimulator.Build.0 = Release|Any CPU
		{68FBB63B-7AAF-466A-B8FC-F54B63B1F109}.Release|iPhoneSimulator.Deploy.0 = Release|Any CPU
		{68FBB63B-7AAF-466A-B8FC-F54B63B1F109}.Release|x64.ActiveCfg = Release|Any CPU
		{68FBB63B-7AAF-466A-B8FC-F54B63B1F109}.Release|x64.Build.0 = Release|Any CPU
		{68FBB63B-7AAF-466A-B8FC-F54B63B1F109}.Release|x64.Deploy.0 = Release|Any CPU
		{68FBB63B-7AAF-466A-B8FC-F54B63B1F109}.Release|x86.ActiveCfg = Release|Any CPU
		{68FBB63B-7AAF-466A-B8FC-F54B63B1F109}.Release|x86.Build.0 = Release|Any CPU
		{68FBB63B-7AAF-466A-B8FC-F54B63B1F109}.Release|x86.Deploy.0 = Release|Any CPU
	EndGlobalSection
	GlobalSection(SolutionProperties) = preSolution
		HideSolutionNode = FALSE
	EndGlobalSection
	GlobalSection(ExtensibilityGlobals) = postSolution
		SolutionGuid = {4D527DAC-E50B-4FAC-919B-AADD3ED46A1E}
	EndGlobalSection
EndGlobal
